
Microsoft Visual Studio Solution File, Format Version 12.00
# Visual Studio 15
VisualStudioVersion = 15.0.26228.4
MinimumVisualStudioVersion = 10.0.40219.1
Project("{FAE04EC0-301F-11D3-BF4B-00C04F79EFBC}") = "Store", "Store\Store.csproj", "{E8C89EC0-EF27-48BA-B591-FD047552F8E1}"
EndProject
Project("{FAE04EC0-301F-11D3-BF4B-00C04F79EFBC}") = "StoreBackend", "StoreBackend\StoreBackend.csproj", "{4DC0A7D3-C7CF-4164-82F4-8380B74C3320}"
EndProject
Global
	GlobalSection(SolutionConfigurationPlatforms) = preSolution
		Debug|Any CPU = Debug|Any CPU
		Release|Any CPU = Release|Any CPU
	EndGlobalSection
	GlobalSection(ProjectConfigurationPlatforms) = postSolution
		{E8C89EC0-EF27-48BA-B591-FD047552F8E1}.Debug|Any CPU.ActiveCfg = Debug|Any CPU
		{E8C89EC0-EF27-48BA-B591-FD047552F8E1}.Debug|Any CPU.Build.0 = Debug|Any CPU
		{E8C89EC0-EF27-48BA-B591-FD047552F8E1}.Release|Any CPU.ActiveCfg = Release|Any CPU
		{E8C89EC0-EF27-48BA-B591-FD047552F8E1}.Release|Any CPU.Build.0 = Release|Any CPU
		{4DC0A7D3-C7CF-4164-82F4-8380B74C3320}.Debug|Any CPU.ActiveCfg = Debug|Any CPU
		{4DC0A7D3-C7CF-4164-82F4-8380B74C3320}.Debug|Any CPU.Build.0 = Debug|Any CPU
		{4DC0A7D3-C7CF-4164-82F4-8380B74C3320}.Release|Any CPU.ActiveCfg = Release|Any CPU
		{4DC0A7D3-C7CF-4164-82F4-8380B74C3320}.Release|Any CPU.Build.0 = Release|Any CPU
	EndGlobalSection
	GlobalSection(SolutionProperties) = preSolution
		HideSolutionNode = FALSE
	EndGlobalSection
EndGlobal
